// !$*UTF8*$!
{
	archiveVersion = 1;
	classes = {};
	objectVersion = 56;
	objects = {

/* Begin PBXBuildFile section */
		055781A27AD671BDFC6B229C /* AppEnvironment.swift in Sources */ = {isa = PBXBuildFile; fileRef = D0886A8CD765FC3C28D20A35 /* AppEnvironment.swift */; };
		05FB9D3751F8DE982C65E2EE /* CauchyApp.swift in Sources */ = {isa = PBXBuildFile; fileRef = A9D572ED3C587C82B7AA8D6A /* CauchyApp.swift */; };
		46F218EEF5684EB4900F188A /* DocumentBlock.swift in Sources */ = {isa = PBXBuildFile; fileRef = 43667875EC132E3594053686 /* DocumentBlock.swift */; };
		37E64DE60ECAB9B47AD03B6E /* DocumentWorkspace.swift in Sources */ = {isa = PBXBuildFile; fileRef = 5252F0049F52385285A17B82 /* DocumentWorkspace.swift */; };
		3B0D1C145AC5316F4EC2CD2A /* Highlight.swift in Sources */ = {isa = PBXBuildFile; fileRef = E721B0624D394A622A35B857 /* Highlight.swift */; };
		510B42FD6AFC67C86A9A9F35 /* PDFSidebarMode.swift in Sources */ = {isa = PBXBuildFile; fileRef = 800F17A802E0A2EFE1C89ECB /* PDFSidebarMode.swift */; };
		06CDFD0935A2865049FF6B36 /* PinCategory.swift in Sources */ = {isa = PBXBuildFile; fileRef = CDA870D398571D45C263A8B1 /* PinCategory.swift */; };
		1FE54F437BAB6EEE54D59B1D /* ReadingContext.swift in Sources */ = {isa = PBXBuildFile; fileRef = 92A3931B09A2007763CBAEF2 /* ReadingContext.swift */; };
		98B56ECE44537C6D4A21556E /* ReferenceKind.swift in Sources */ = {isa = PBXBuildFile; fileRef = 8F9E742DF926F455C8C51E01 /* ReferenceKind.swift */; };
		CE0C8CE9309F807F74924D0C /* ReferenceLink.swift in Sources */ = {isa = PBXBuildFile; fileRef = FF86363DFFA497274DC3A382 /* ReferenceLink.swift */; };
		8B374CEA2A9BCA7ADA3A62E6 /* ReferencePin.swift in Sources */ = {isa = PBXBuildFile; fileRef = DB8101BB658F22A7CE9F6108 /* ReferencePin.swift */; };
		16D37B669DA49972B7415ADB /* SelectionThread.swift in Sources */ = {isa = PBXBuildFile; fileRef = 484D50F2D5B788BF692DB15E /* SelectionThread.swift */; };
		2BF04AB4C612109D83A23F4C /* TextAnchor.swift in Sources */ = {isa = PBXBuildFile; fileRef = 6489B74AAD9E92258D679110 /* TextAnchor.swift */; };
		CFD9BF6735FC73DED38873B4 /* ViewportRole.swift in Sources */ = {isa = PBXBuildFile; fileRef = EC0010C609018FFB9C8C7AC0 /* ViewportRole.swift */; };
		0F25DEB05EFD4A49B2289333 /* ViewportState.swift in Sources */ = {isa = PBXBuildFile; fileRef = 39EBECF7A600D0ED8CD7A20B /* ViewportState.swift */; };
		BAF1EE305B580966D07B2356 /* PDFCanvasView.swift in Sources */ = {isa = PBXBuildFile; fileRef = F9747CF20A4334358BE43E8A /* PDFCanvasView.swift */; };
		8F4D6CF1E2CF2BC0B6CA17F9 /* PDFViewRepresentable.swift in Sources */ = {isa = PBXBuildFile; fileRef = F2752E912DCAFDE1F5CFEFB0 /* PDFViewRepresentable.swift */; };
		AE673E43C5E33171DDBA1362 /* PDFViewportController.swift in Sources */ = {isa = PBXBuildFile; fileRef = EEC1E776A5C9ED129F697B35 /* PDFViewportController.swift */; };
		2426921C6C08325587FAB5BA /* SelectionOverlayLayer.swift in Sources */ = {isa = PBXBuildFile; fileRef = DEE7CFA7642271D4D21B7DD6 /* SelectionOverlayLayer.swift */; };
		9F33883B9A6566CA902AF1F9 /* ViewportSyncGuard.swift in Sources */ = {isa = PBXBuildFile; fileRef = 6827E057D72082AF5E93D9A2 /* ViewportSyncGuard.swift */; };
		35F50685155B265D766B13C6 /* AssistantResponseNormalizer.swift in Sources */ = {isa = PBXBuildFile; fileRef = 48B600217E950A20EBB4230F /* AssistantResponseNormalizer.swift */; };
		371B17EF5D83D4EBB7E93347 /* AssistantResponseValidator.swift in Sources */ = {isa = PBXBuildFile; fileRef = DD92B855BAAAE87932B566D5 /* AssistantResponseValidator.swift */; };
		E11EFA92C69AE99B0B9B41B0 /* DocumentBlockExtractor.swift in Sources */ = {isa = PBXBuildFile; fileRef = 2E60C204C05E09DD16F6DD4A /* DocumentBlockExtractor.swift */; };
		C41528BB9D38BCDB5DCFE669 /* DocumentIndex.swift in Sources */ = {isa = PBXBuildFile; fileRef = 9480C37E35EDB7E187D14F4B /* DocumentIndex.swift */; };
		C8F1E4AAB56CC06A45387CD1 /* DocumentPersistenceService.swift in Sources */ = {isa = PBXBuildFile; fileRef = 46751305944C9C6823D88B9F /* DocumentPersistenceService.swift */; };
		DF26483E7E08D53DDB174DC9 /* DocumentReferenceIndex.swift in Sources */ = {isa = PBXBuildFile; fileRef = D1AFF4DCD1E8BDE4ADA68582 /* DocumentReferenceIndex.swift */; };
		CD580EF9CB87C30E52DBE0E4 /* HighlightAnnotationService.swift in Sources */ = {isa = PBXBuildFile; fileRef = ABA53E0CA7CDA4E72C0A48FB /* HighlightAnnotationService.swift */; };
		B13CE7E8E6DDF37D5A9D23EA /* KeychainService.swift in Sources */ = {isa = PBXBuildFile; fileRef = FAB4D0A16399E434EC47D669 /* KeychainService.swift */; };
		2247B36191CDCE7F33C34190 /* LLMReferenceIndexBuilder.swift in Sources */ = {isa = PBXBuildFile; fileRef = 78F09A6C935FA0466B7CA90E /* LLMReferenceIndexBuilder.swift */; };
		28FEE8CE2DF1856473548E60 /* LaTeXFormatter.swift in Sources */ = {isa = PBXBuildFile; fileRef = D663A210AE029823641923CC /* LaTeXFormatter.swift */; };
		EF637945BB866244086487A0 /* LaTeXNormalizer.swift in Sources */ = {isa = PBXBuildFile; fileRef = 5FCACBA6DC2F9866C6D1FC11 /* LaTeXNormalizer.swift */; };
		80402813F9CC0055E1427EA5 /* MessageContentParser.swift in Sources */ = {isa = PBXBuildFile; fileRef = B0CDF65D849D0D9C71A1CEDD /* MessageContentParser.swift */; };
		8E10D9EBAAD92CF287F563B0 /* OCRService.swift in Sources */ = {isa = PBXBuildFile; fileRef = E16519BAE0FF498EAC5D7E94 /* OCRService.swift */; };
		AABA3AE70EA681A2C20A802B /* PDFRegionRenderer.swift in Sources */ = {isa = PBXBuildFile; fileRef = B5268A5591F8EEF770D3118A /* PDFRegionRenderer.swift */; };
		D192923183BFB000528860B8 /* PDFTextExtractor.swift in Sources */ = {isa = PBXBuildFile; fileRef = 9F21177EBC0C2EB6945FB024 /* PDFTextExtractor.swift */; };
		D2E2A5EFB769838E7262A6A1 /* FoundationModelsReadingAssistantService.swift in Sources */ = {isa = PBXBuildFile; fileRef = CE9D356880347902C8B7D658 /* FoundationModelsReadingAssistantService.swift */; };
		3260669BAE52CF97BC0FB008 /* GeminiCloudAPIError.swift in Sources */ = {isa = PBXBuildFile; fileRef = B87BB8FF72C6DF1B318B3666 /* GeminiCloudAPIError.swift */; };
		9891EA38D2C25D0E06D36DD5 /* GeminiCloudLanguageModel.swift in Sources */ = {isa = PBXBuildFile; fileRef = 0403691D653B087490EFC2CF /* GeminiCloudLanguageModel.swift */; };
		48CC0DB050858F426650D477 /* GeminiCloudLanguageModelExecutor.swift in Sources */ = {isa = PBXBuildFile; fileRef = 3553353607405888ECF775E6 /* GeminiCloudLanguageModelExecutor.swift */; };
		12B912DFD43B2581BBE3198D /* GeminiReferenceIndexClient.swift in Sources */ = {isa = PBXBuildFile; fileRef = AA575ED258321801650C284B /* GeminiReferenceIndexClient.swift */; };
		A3E6C9C27C3328CF5E9487DC /* GeminiSSEParsing.swift in Sources */ = {isa = PBXBuildFile; fileRef = F20E443BA50DCFBB78784422 /* GeminiSSEParsing.swift */; };
		3A3D5A13A3C04D0C24E7C90D /* GeminiSSETextAccumulator.swift in Sources */ = {isa = PBXBuildFile; fileRef = 36E19C701046B6850C809E18 /* GeminiSSETextAccumulator.swift */; };
		DAC1BC3CA7B96415225D929B /* GeminiTranscriptMapper.swift in Sources */ = {isa = PBXBuildFile; fileRef = 48DE1366149F124E10FFA692 /* GeminiTranscriptMapper.swift */; };
		81493C2320A760C433B4E071 /* ReadingAssistantProtocol.swift in Sources */ = {isa = PBXBuildFile; fileRef = FAEB24AD7500ADDE34467895 /* ReadingAssistantProtocol.swift */; };
		722CE857DDE65E087B8FEEF6 /* ReadingAssistantProviderFactory.swift in Sources */ = {isa = PBXBuildFile; fileRef = 3D542DB1A5AFB00D8EC30819 /* ReadingAssistantProviderFactory.swift */; };
		44A142CA5EB453222E227D01 /* ReadingPromptBuilder.swift in Sources */ = {isa = PBXBuildFile; fileRef = 2A9615079E1635CA3A81AEC7 /* ReadingPromptBuilder.swift */; };
		86DDE8156B8BF06FFABDF22A /* ReferenceIndexPromptBuilder.swift in Sources */ = {isa = PBXBuildFile; fileRef = C82E0A84C06EA82A1A7E2E3A /* ReferenceIndexPromptBuilder.swift */; };
		10C61456DD84DD8AA2493B39 /* ReadingContextBuilder.swift in Sources */ = {isa = PBXBuildFile; fileRef = 7917C1152ACBA747975D43B0 /* ReadingContextBuilder.swift */; };
		BB9B4192F7B56615262F24E0 /* ReferenceDetector.swift in Sources */ = {isa = PBXBuildFile; fileRef = C3287CE2DC56B0DDA8FF9809 /* ReferenceDetector.swift */; };
		329244535C3E8DF9D9F6923E /* ReferenceFormattingHeuristics.swift in Sources */ = {isa = PBXBuildFile; fileRef = 4D5502A401AECACEBCF2F97B /* ReferenceFormattingHeuristics.swift */; };
		9490838C3B039100B6CFDC7D /* ReferenceIndexCacheStore.swift in Sources */ = {isa = PBXBuildFile; fileRef = 34512890F9ED82862060D62C /* ReferenceIndexCacheStore.swift */; };
		E8849E186549D0345FB49D6D /* ReferenceParsing.swift in Sources */ = {isa = PBXBuildFile; fileRef = 1A4324DA55E513115F76124B /* ReferenceParsing.swift */; };
		36E6869597CF24BBE731B4DA /* CoordinateMapper.swift in Sources */ = {isa = PBXBuildFile; fileRef = 7EB436A8161F5A7D401BA598 /* CoordinateMapper.swift */; };
		7DD8E1836A6FCCEC35F0521C /* Debouncer.swift in Sources */ = {isa = PBXBuildFile; fileRef = 17B54D7066AA732262F0C288 /* Debouncer.swift */; };
		7C704985143395643604C294 /* NormalizedRect.swift in Sources */ = {isa = PBXBuildFile; fileRef = 6C0CFD6FE2EDB365F8B44622 /* NormalizedRect.swift */; };
		50A8F591B8D44906DD873B03 /* StreamingTextCoalescer.swift in Sources */ = {isa = PBXBuildFile; fileRef = F368FA4456EC326E9D8DDF4C /* StreamingTextCoalescer.swift */; };
		51E0778192740D79E94A2688 /* ContextEngineViewModel.swift in Sources */ = {isa = PBXBuildFile; fileRef = 51D48268794F194F75FD2B4F /* ContextEngineViewModel.swift */; };
		B827E289C412C8814674397B /* HighlightStore.swift in Sources */ = {isa = PBXBuildFile; fileRef = 0391333626F787B3DD3B6581 /* HighlightStore.swift */; };
		FE3A936DE21323E63F0023FB /* SelectionThreadViewModel.swift in Sources */ = {isa = PBXBuildFile; fileRef = 267FAC10467473235A5D53BF /* SelectionThreadViewModel.swift */; };
		68A0CAD3A769E1935B2A87F6 /* ViewportCoordinator.swift in Sources */ = {isa = PBXBuildFile; fileRef = DF014AA551538E17C2232B73 /* ViewportCoordinator.swift */; };
		77B9ECB5AA813F68F258A049 /* WorkspaceViewModel.swift in Sources */ = {isa = PBXBuildFile; fileRef = 3E67E8AF9CC85671D13604D9 /* WorkspaceViewModel.swift */; };
		72C99B6D6FFEBE6FAF719150 /* ContextPanelResizeHandle.swift in Sources */ = {isa = PBXBuildFile; fileRef = C14410248542F337D36CE38D /* ContextPanelResizeHandle.swift */; };
		AF969E09838FDC8603153205 /* ContextPanelView.swift in Sources */ = {isa = PBXBuildFile; fileRef = F4E137556E40D3BFCFA6E12C /* ContextPanelView.swift */; };
		23C40A6ECE4819CFE05D3B49 /* HighlightListView.swift in Sources */ = {isa = PBXBuildFile; fileRef = D2B4706AF3BF209FAF2A6CAB /* HighlightListView.swift */; };
		78097748047DD96AFC04B7DD /* HighlightThreadDetailView.swift in Sources */ = {isa = PBXBuildFile; fileRef = 598D4E8B4DD250998FC00302 /* HighlightThreadDetailView.swift */; };
		6AA90FCC073E787DEB3EAF35 /* ReadingBlockCard.swift in Sources */ = {isa = PBXBuildFile; fileRef = 36386AD7474FD86255EF3D94 /* ReadingBlockCard.swift */; };
		C56457729B66D6CC214C3A0D /* ReferencePreviewView.swift in Sources */ = {isa = PBXBuildFile; fileRef = DB8D6E49D3CEEBA6CF614310 /* ReferencePreviewView.swift */; };
		DBBA78D13DBCEC0F0E25A911 /* SelectionThreadView.swift in Sources */ = {isa = PBXBuildFile; fileRef = 025BCB25703480DD14BAA250 /* SelectionThreadView.swift */; };
		A3646A44B7FC43AC35087F52 /* ConversationChrome.swift in Sources */ = {isa = PBXBuildFile; fileRef = 164604CA95EC8E4D31334E71 /* ConversationChrome.swift */; };
		7B6D70CD38C9197BFE355E7E /* ConversationComposer.swift in Sources */ = {isa = PBXBuildFile; fileRef = 792B1E4C9BAFBE77B90F3C98 /* ConversationComposer.swift */; };
		D8F578D0A816E46EE29ED061 /* ConversationPanel.swift in Sources */ = {isa = PBXBuildFile; fileRef = E005A68052DAEC36151938AC /* ConversationPanel.swift */; };
		1F456FE979429B0BFC5D04AE /* MessageBubble.swift in Sources */ = {isa = PBXBuildFile; fileRef = 893252B0E5970BAE44DDF872 /* MessageBubble.swift */; };
		FFE440039AE9380FE80BBD45 /* SelectionQuoteView.swift in Sources */ = {isa = PBXBuildFile; fileRef = AEE0CF6F2AEB414AABE2E9A9 /* SelectionQuoteView.swift */; };
		C33FA270048B50B0DD0B3C0E /* GlassFloatingPanel.swift in Sources */ = {isa = PBXBuildFile; fileRef = 8F7C5B12AC96D6166A529656 /* GlassFloatingPanel.swift */; };
		03767D01A7BC4F3676F3AD37 /* GlassIconButton.swift in Sources */ = {isa = PBXBuildFile; fileRef = 74AEC64BADF660A78D1CFAC0 /* GlassIconButton.swift */; };
		829485EFF82A69789825CE91 /* GlassTabPicker.swift in Sources */ = {isa = PBXBuildFile; fileRef = A882429994D8032C24B8A743 /* GlassTabPicker.swift */; };
		C174D966A75CA70A73E638D0 /* GlassToolbarContent.swift in Sources */ = {isa = PBXBuildFile; fileRef = CE0CFA09C400AE824FB7F8C5 /* GlassToolbarContent.swift */; };
		C8B3A8FF72FF3E6CBB8FBEBA /* ToolbarChrome.swift in Sources */ = {isa = PBXBuildFile; fileRef = E2FDB2F323A4E93EECFF04BC /* ToolbarChrome.swift */; };
		B6D56D660943088D8C0130C4 /* OCRResultView.swift in Sources */ = {isa = PBXBuildFile; fileRef = A72B949D2D1F37938C789E0E /* OCRResultView.swift */; };
		65B0194C47D708E1D03E31F5 /* ReaderWorkspaceView.swift in Sources */ = {isa = PBXBuildFile; fileRef = ECD51CDCABE5506C87FE2B2F /* ReaderWorkspaceView.swift */; };
		50207EC90A9AA525E2882AD0 /* InlineFlowLayout.swift in Sources */ = {isa = PBXBuildFile; fileRef = 656F0D778BACFDDF03CD829F /* InlineFlowLayout.swift */; };
		BC5170D64BF82A0321DAF18F /* MathSegmentView.swift in Sources */ = {isa = PBXBuildFile; fileRef = A2EF63C4E107FD0B9E09CED6 /* MathSegmentView.swift */; };
		CF929A6C7F6AA43ACCADD946 /* MessageContentView.swift in Sources */ = {isa = PBXBuildFile; fileRef = 4585413EC472720B030DCD6E /* MessageContentView.swift */; };
		CE6EFF2A5F22D91631D9B5DD /* ContentView.swift in Sources */ = {isa = PBXBuildFile; fileRef = 4E494FAC4A354C65D62186C2 /* ContentView.swift */; };
		F176CD9B503FDEBB577B83A2 /* DashboardView.swift in Sources */ = {isa = PBXBuildFile; fileRef = EC2F8D5CF23105FA44A68C53 /* DashboardView.swift */; };
		4E94689F2ED33F16EA19EF7F /* WorkspaceLayoutView.swift in Sources */ = {isa = PBXBuildFile; fileRef = 8AC8C03A231B11BF5E4D8496 /* WorkspaceLayoutView.swift */; };
		7EE069B3128B7F7BE89B74A5 /* SettingsView.swift in Sources */ = {isa = PBXBuildFile; fileRef = 4AEC0DC8D4B02742A1E87A26 /* SettingsView.swift */; };
		72DBCC3C3C8C2B5BA172E43D /* DocumentSidebarView.swift in Sources */ = {isa = PBXBuildFile; fileRef = F69ED6C9D19ED721FA312D2B /* DocumentSidebarView.swift */; };
		F4A32CA055F074D5FBC81F1A /* HighlightRowView.swift in Sources */ = {isa = PBXBuildFile; fileRef = 2C7219EAE9C33EA322B83EB1 /* HighlightRowView.swift */; };
		2786EAA3CAAAC39625A849F5 /* PDFContactSheetSidebarView.swift in Sources */ = {isa = PBXBuildFile; fileRef = 7195E30A5A589044C57DEBB1 /* PDFContactSheetSidebarView.swift */; };
		0C78C28CC560CB0BBB2EA8F8 /* PDFPageThumbnailView.swift in Sources */ = {isa = PBXBuildFile; fileRef = A3E3BFF8661E01249E9C224E /* PDFPageThumbnailView.swift */; };
		5D68242FAE7FAE92FD73AECD /* PDFTableOfContentsSidebarView.swift in Sources */ = {isa = PBXBuildFile; fileRef = 803BF3C8E46436D1C2BA213F /* PDFTableOfContentsSidebarView.swift */; };
		8094E316636F49AC06FD6382 /* PDFThumbnailsSidebarView.swift in Sources */ = {isa = PBXBuildFile; fileRef = CC94A73C6004EEDFC1D9B011 /* PDFThumbnailsSidebarView.swift */; };
		139BF121087F8C455D547D16 /* ReferenceSidebarView.swift in Sources */ = {isa = PBXBuildFile; fileRef = 94F687D65165687572AC73F1 /* ReferenceSidebarView.swift */; };
		98142634A02BD8C6D65427E5 /* SidebarOptionsMenu.swift in Sources */ = {isa = PBXBuildFile; fileRef = 75E4534141BE335C81820AD6 /* SidebarOptionsMenu.swift */; };
		5704CA281202834349A3222A /* FoundationModels.framework in Frameworks */ = {isa = PBXBuildFile; fileRef = 7AE5956BD7ED064366887FFE /* FoundationModels.framework */; };
		3EA4FA4F9288170FAFF0C847 /* SwiftMath in Frameworks */ = {isa = PBXBuildFile; productRef = D24C25D58A396C6F182913CA /* SwiftMath */; };
		3D0BB5F75F9B642E56834677 /* Assets.xcassets in Resources */ = {isa = PBXBuildFile; fileRef = EDD5BF79E2E5313CBCD5E23A /* Assets.xcassets */; };
/* End PBXBuildFile section */

/* Begin PBXFileReference section */
		ACBAEB5B099ABF4AC3626AED /* Cauchy.app */ = {isa = PBXFileReference; explicitFileType = wrapper.application; includeInIndex = 0; path = Cauchy.app; sourceTree = BUILT_PRODUCTS_DIR; };
		D0886A8CD765FC3C28D20A35 /* AppEnvironment.swift */ = {isa = PBXFileReference; lastKnownFileType = sourcecode.swift; path = AppEnvironment.swift; sourceTree = "<group>"; };
		A9D572ED3C587C82B7AA8D6A /* CauchyApp.swift */ = {isa = PBXFileReference; lastKnownFileType = sourcecode.swift; path = CauchyApp.swift; sourceTree = "<group>"; };
		43667875EC132E3594053686 /* DocumentBlock.swift */ = {isa = PBXFileReference; lastKnownFileType = sourcecode.swift; path = DocumentBlock.swift; sourceTree = "<group>"; };
		5252F0049F52385285A17B82 /* DocumentWorkspace.swift */ = {isa = PBXFileReference; lastKnownFileType = sourcecode.swift; path = DocumentWorkspace.swift; sourceTree = "<group>"; };
		E721B0624D394A622A35B857 /* Highlight.swift */ = {isa = PBXFileReference; lastKnownFileType = sourcecode.swift; path = Highlight.swift; sourceTree = "<group>"; };
		800F17A802E0A2EFE1C89ECB /* PDFSidebarMode.swift */ = {isa = PBXFileReference; lastKnownFileType = sourcecode.swift; path = PDFSidebarMode.swift; sourceTree = "<group>"; };
		CDA870D398571D45C263A8B1 /* PinCategory.swift */ = {isa = PBXFileReference; lastKnownFileType = sourcecode.swift; path = PinCategory.swift; sourceTree = "<group>"; };
		92A3931B09A2007763CBAEF2 /* ReadingContext.swift */ = {isa = PBXFileReference; lastKnownFileType = sourcecode.swift; path = ReadingContext.swift; sourceTree = "<group>"; };
		8F9E742DF926F455C8C51E01 /* ReferenceKind.swift */ = {isa = PBXFileReference; lastKnownFileType = sourcecode.swift; path = ReferenceKind.swift; sourceTree = "<group>"; };
		FF86363DFFA497274DC3A382 /* ReferenceLink.swift */ = {isa = PBXFileReference; lastKnownFileType = sourcecode.swift; path = ReferenceLink.swift; sourceTree = "<group>"; };
		DB8101BB658F22A7CE9F6108 /* ReferencePin.swift */ = {isa = PBXFileReference; lastKnownFileType = sourcecode.swift; path = ReferencePin.swift; sourceTree = "<group>"; };
		484D50F2D5B788BF692DB15E /* SelectionThread.swift */ = {isa = PBXFileReference; lastKnownFileType = sourcecode.swift; path = SelectionThread.swift; sourceTree = "<group>"; };
		6489B74AAD9E92258D679110 /* TextAnchor.swift */ = {isa = PBXFileReference; lastKnownFileType = sourcecode.swift; path = TextAnchor.swift; sourceTree = "<group>"; };
		EC0010C609018FFB9C8C7AC0 /* ViewportRole.swift */ = {isa = PBXFileReference; lastKnownFileType = sourcecode.swift; path = ViewportRole.swift; sourceTree = "<group>"; };
		39EBECF7A600D0ED8CD7A20B /* ViewportState.swift */ = {isa = PBXFileReference; lastKnownFileType = sourcecode.swift; path = ViewportState.swift; sourceTree = "<group>"; };
		F9747CF20A4334358BE43E8A /* PDFCanvasView.swift */ = {isa = PBXFileReference; lastKnownFileType = sourcecode.swift; path = PDFCanvasView.swift; sourceTree = "<group>"; };
		F2752E912DCAFDE1F5CFEFB0 /* PDFViewRepresentable.swift */ = {isa = PBXFileReference; lastKnownFileType = sourcecode.swift; path = PDFViewRepresentable.swift; sourceTree = "<group>"; };
		EEC1E776A5C9ED129F697B35 /* PDFViewportController.swift */ = {isa = PBXFileReference; lastKnownFileType = sourcecode.swift; path = PDFViewportController.swift; sourceTree = "<group>"; };
		DEE7CFA7642271D4D21B7DD6 /* SelectionOverlayLayer.swift */ = {isa = PBXFileReference; lastKnownFileType = sourcecode.swift; path = SelectionOverlayLayer.swift; sourceTree = "<group>"; };
		6827E057D72082AF5E93D9A2 /* ViewportSyncGuard.swift */ = {isa = PBXFileReference; lastKnownFileType = sourcecode.swift; path = ViewportSyncGuard.swift; sourceTree = "<group>"; };
		48B600217E950A20EBB4230F /* AssistantResponseNormalizer.swift */ = {isa = PBXFileReference; lastKnownFileType = sourcecode.swift; path = AssistantResponseNormalizer.swift; sourceTree = "<group>"; };
		DD92B855BAAAE87932B566D5 /* AssistantResponseValidator.swift */ = {isa = PBXFileReference; lastKnownFileType = sourcecode.swift; path = AssistantResponseValidator.swift; sourceTree = "<group>"; };
		2E60C204C05E09DD16F6DD4A /* DocumentBlockExtractor.swift */ = {isa = PBXFileReference; lastKnownFileType = sourcecode.swift; path = DocumentBlockExtractor.swift; sourceTree = "<group>"; };
		9480C37E35EDB7E187D14F4B /* DocumentIndex.swift */ = {isa = PBXFileReference; lastKnownFileType = sourcecode.swift; path = DocumentIndex.swift; sourceTree = "<group>"; };
		46751305944C9C6823D88B9F /* DocumentPersistenceService.swift */ = {isa = PBXFileReference; lastKnownFileType = sourcecode.swift; path = DocumentPersistenceService.swift; sourceTree = "<group>"; };
		D1AFF4DCD1E8BDE4ADA68582 /* DocumentReferenceIndex.swift */ = {isa = PBXFileReference; lastKnownFileType = sourcecode.swift; path = DocumentReferenceIndex.swift; sourceTree = "<group>"; };
		ABA53E0CA7CDA4E72C0A48FB /* HighlightAnnotationService.swift */ = {isa = PBXFileReference; lastKnownFileType = sourcecode.swift; path = HighlightAnnotationService.swift; sourceTree = "<group>"; };
		FAB4D0A16399E434EC47D669 /* KeychainService.swift */ = {isa = PBXFileReference; lastKnownFileType = sourcecode.swift; path = KeychainService.swift; sourceTree = "<group>"; };
		78F09A6C935FA0466B7CA90E /* LLMReferenceIndexBuilder.swift */ = {isa = PBXFileReference; lastKnownFileType = sourcecode.swift; path = LLMReferenceIndexBuilder.swift; sourceTree = "<group>"; };
		D663A210AE029823641923CC /* LaTeXFormatter.swift */ = {isa = PBXFileReference; lastKnownFileType = sourcecode.swift; path = LaTeXFormatter.swift; sourceTree = "<group>"; };
		5FCACBA6DC2F9866C6D1FC11 /* LaTeXNormalizer.swift */ = {isa = PBXFileReference; lastKnownFileType = sourcecode.swift; path = LaTeXNormalizer.swift; sourceTree = "<group>"; };
		B0CDF65D849D0D9C71A1CEDD /* MessageContentParser.swift */ = {isa = PBXFileReference; lastKnownFileType = sourcecode.swift; path = MessageContentParser.swift; sourceTree = "<group>"; };
		E16519BAE0FF498EAC5D7E94 /* OCRService.swift */ = {isa = PBXFileReference; lastKnownFileType = sourcecode.swift; path = OCRService.swift; sourceTree = "<group>"; };
		B5268A5591F8EEF770D3118A /* PDFRegionRenderer.swift */ = {isa = PBXFileReference; lastKnownFileType = sourcecode.swift; path = PDFRegionRenderer.swift; sourceTree = "<group>"; };
		9F21177EBC0C2EB6945FB024 /* PDFTextExtractor.swift */ = {isa = PBXFileReference; lastKnownFileType = sourcecode.swift; path = PDFTextExtractor.swift; sourceTree = "<group>"; };
		CE9D356880347902C8B7D658 /* FoundationModelsReadingAssistantService.swift */ = {isa = PBXFileReference; lastKnownFileType = sourcecode.swift; path = FoundationModelsReadingAssistantService.swift; sourceTree = "<group>"; };
		B87BB8FF72C6DF1B318B3666 /* GeminiCloudAPIError.swift */ = {isa = PBXFileReference; lastKnownFileType = sourcecode.swift; path = GeminiCloudAPIError.swift; sourceTree = "<group>"; };
		0403691D653B087490EFC2CF /* GeminiCloudLanguageModel.swift */ = {isa = PBXFileReference; lastKnownFileType = sourcecode.swift; path = GeminiCloudLanguageModel.swift; sourceTree = "<group>"; };
		3553353607405888ECF775E6 /* GeminiCloudLanguageModelExecutor.swift */ = {isa = PBXFileReference; lastKnownFileType = sourcecode.swift; path = GeminiCloudLanguageModelExecutor.swift; sourceTree = "<group>"; };
		AA575ED258321801650C284B /* GeminiReferenceIndexClient.swift */ = {isa = PBXFileReference; lastKnownFileType = sourcecode.swift; path = GeminiReferenceIndexClient.swift; sourceTree = "<group>"; };
		F20E443BA50DCFBB78784422 /* GeminiSSEParsing.swift */ = {isa = PBXFileReference; lastKnownFileType = sourcecode.swift; path = GeminiSSEParsing.swift; sourceTree = "<group>"; };
		36E19C701046B6850C809E18 /* GeminiSSETextAccumulator.swift */ = {isa = PBXFileReference; lastKnownFileType = sourcecode.swift; path = GeminiSSETextAccumulator.swift; sourceTree = "<group>"; };
		48DE1366149F124E10FFA692 /* GeminiTranscriptMapper.swift */ = {isa = PBXFileReference; lastKnownFileType = sourcecode.swift; path = GeminiTranscriptMapper.swift; sourceTree = "<group>"; };
		FAEB24AD7500ADDE34467895 /* ReadingAssistantProtocol.swift */ = {isa = PBXFileReference; lastKnownFileType = sourcecode.swift; path = ReadingAssistantProtocol.swift; sourceTree = "<group>"; };
		3D542DB1A5AFB00D8EC30819 /* ReadingAssistantProviderFactory.swift */ = {isa = PBXFileReference; lastKnownFileType = sourcecode.swift; path = ReadingAssistantProviderFactory.swift; sourceTree = "<group>"; };
		2A9615079E1635CA3A81AEC7 /* ReadingPromptBuilder.swift */ = {isa = PBXFileReference; lastKnownFileType = sourcecode.swift; path = ReadingPromptBuilder.swift; sourceTree = "<group>"; };
		C82E0A84C06EA82A1A7E2E3A /* ReferenceIndexPromptBuilder.swift */ = {isa = PBXFileReference; lastKnownFileType = sourcecode.swift; path = ReferenceIndexPromptBuilder.swift; sourceTree = "<group>"; };
		7917C1152ACBA747975D43B0 /* ReadingContextBuilder.swift */ = {isa = PBXFileReference; lastKnownFileType = sourcecode.swift; path = ReadingContextBuilder.swift; sourceTree = "<group>"; };
		C3287CE2DC56B0DDA8FF9809 /* ReferenceDetector.swift */ = {isa = PBXFileReference; lastKnownFileType = sourcecode.swift; path = ReferenceDetector.swift; sourceTree = "<group>"; };
		4D5502A401AECACEBCF2F97B /* ReferenceFormattingHeuristics.swift */ = {isa = PBXFileReference; lastKnownFileType = sourcecode.swift; path = ReferenceFormattingHeuristics.swift; sourceTree = "<group>"; };
		34512890F9ED82862060D62C /* ReferenceIndexCacheStore.swift */ = {isa = PBXFileReference; lastKnownFileType = sourcecode.swift; path = ReferenceIndexCacheStore.swift; sourceTree = "<group>"; };
		1A4324DA55E513115F76124B /* ReferenceParsing.swift */ = {isa = PBXFileReference; lastKnownFileType = sourcecode.swift; path = ReferenceParsing.swift; sourceTree = "<group>"; };
		7EB436A8161F5A7D401BA598 /* CoordinateMapper.swift */ = {isa = PBXFileReference; lastKnownFileType = sourcecode.swift; path = CoordinateMapper.swift; sourceTree = "<group>"; };
		17B54D7066AA732262F0C288 /* Debouncer.swift */ = {isa = PBXFileReference; lastKnownFileType = sourcecode.swift; path = Debouncer.swift; sourceTree = "<group>"; };
		6C0CFD6FE2EDB365F8B44622 /* NormalizedRect.swift */ = {isa = PBXFileReference; lastKnownFileType = sourcecode.swift; path = NormalizedRect.swift; sourceTree = "<group>"; };
		F368FA4456EC326E9D8DDF4C /* StreamingTextCoalescer.swift */ = {isa = PBXFileReference; lastKnownFileType = sourcecode.swift; path = StreamingTextCoalescer.swift; sourceTree = "<group>"; };
		51D48268794F194F75FD2B4F /* ContextEngineViewModel.swift */ = {isa = PBXFileReference; lastKnownFileType = sourcecode.swift; path = ContextEngineViewModel.swift; sourceTree = "<group>"; };
		0391333626F787B3DD3B6581 /* HighlightStore.swift */ = {isa = PBXFileReference; lastKnownFileType = sourcecode.swift; path = HighlightStore.swift; sourceTree = "<group>"; };
		267FAC10467473235A5D53BF /* SelectionThreadViewModel.swift */ = {isa = PBXFileReference; lastKnownFileType = sourcecode.swift; path = SelectionThreadViewModel.swift; sourceTree = "<group>"; };
		DF014AA551538E17C2232B73 /* ViewportCoordinator.swift */ = {isa = PBXFileReference; lastKnownFileType = sourcecode.swift; path = ViewportCoordinator.swift; sourceTree = "<group>"; };
		3E67E8AF9CC85671D13604D9 /* WorkspaceViewModel.swift */ = {isa = PBXFileReference; lastKnownFileType = sourcecode.swift; path = WorkspaceViewModel.swift; sourceTree = "<group>"; };
		C14410248542F337D36CE38D /* ContextPanelResizeHandle.swift */ = {isa = PBXFileReference; lastKnownFileType = sourcecode.swift; path = ContextPanelResizeHandle.swift; sourceTree = "<group>"; };
		F4E137556E40D3BFCFA6E12C /* ContextPanelView.swift */ = {isa = PBXFileReference; lastKnownFileType = sourcecode.swift; path = ContextPanelView.swift; sourceTree = "<group>"; };
		D2B4706AF3BF209FAF2A6CAB /* HighlightListView.swift */ = {isa = PBXFileReference; lastKnownFileType = sourcecode.swift; path = HighlightListView.swift; sourceTree = "<group>"; };
		598D4E8B4DD250998FC00302 /* HighlightThreadDetailView.swift */ = {isa = PBXFileReference; lastKnownFileType = sourcecode.swift; path = HighlightThreadDetailView.swift; sourceTree = "<group>"; };
		36386AD7474FD86255EF3D94 /* ReadingBlockCard.swift */ = {isa = PBXFileReference; lastKnownFileType = sourcecode.swift; path = ReadingBlockCard.swift; sourceTree = "<group>"; };
		DB8D6E49D3CEEBA6CF614310 /* ReferencePreviewView.swift */ = {isa = PBXFileReference; lastKnownFileType = sourcecode.swift; path = ReferencePreviewView.swift; sourceTree = "<group>"; };
		025BCB25703480DD14BAA250 /* SelectionThreadView.swift */ = {isa = PBXFileReference; lastKnownFileType = sourcecode.swift; path = SelectionThreadView.swift; sourceTree = "<group>"; };
		164604CA95EC8E4D31334E71 /* ConversationChrome.swift */ = {isa = PBXFileReference; lastKnownFileType = sourcecode.swift; path = ConversationChrome.swift; sourceTree = "<group>"; };
		792B1E4C9BAFBE77B90F3C98 /* ConversationComposer.swift */ = {isa = PBXFileReference; lastKnownFileType = sourcecode.swift; path = ConversationComposer.swift; sourceTree = "<group>"; };
		E005A68052DAEC36151938AC /* ConversationPanel.swift */ = {isa = PBXFileReference; lastKnownFileType = sourcecode.swift; path = ConversationPanel.swift; sourceTree = "<group>"; };
		893252B0E5970BAE44DDF872 /* MessageBubble.swift */ = {isa = PBXFileReference; lastKnownFileType = sourcecode.swift; path = MessageBubble.swift; sourceTree = "<group>"; };
		AEE0CF6F2AEB414AABE2E9A9 /* SelectionQuoteView.swift */ = {isa = PBXFileReference; lastKnownFileType = sourcecode.swift; path = SelectionQuoteView.swift; sourceTree = "<group>"; };
		8F7C5B12AC96D6166A529656 /* GlassFloatingPanel.swift */ = {isa = PBXFileReference; lastKnownFileType = sourcecode.swift; path = GlassFloatingPanel.swift; sourceTree = "<group>"; };
		74AEC64BADF660A78D1CFAC0 /* GlassIconButton.swift */ = {isa = PBXFileReference; lastKnownFileType = sourcecode.swift; path = GlassIconButton.swift; sourceTree = "<group>"; };
		A882429994D8032C24B8A743 /* GlassTabPicker.swift */ = {isa = PBXFileReference; lastKnownFileType = sourcecode.swift; path = GlassTabPicker.swift; sourceTree = "<group>"; };
		CE0CFA09C400AE824FB7F8C5 /* GlassToolbarContent.swift */ = {isa = PBXFileReference; lastKnownFileType = sourcecode.swift; path = GlassToolbarContent.swift; sourceTree = "<group>"; };
		E2FDB2F323A4E93EECFF04BC /* ToolbarChrome.swift */ = {isa = PBXFileReference; lastKnownFileType = sourcecode.swift; path = ToolbarChrome.swift; sourceTree = "<group>"; };
		A72B949D2D1F37938C789E0E /* OCRResultView.swift */ = {isa = PBXFileReference; lastKnownFileType = sourcecode.swift; path = OCRResultView.swift; sourceTree = "<group>"; };
		ECD51CDCABE5506C87FE2B2F /* ReaderWorkspaceView.swift */ = {isa = PBXFileReference; lastKnownFileType = sourcecode.swift; path = ReaderWorkspaceView.swift; sourceTree = "<group>"; };
		656F0D778BACFDDF03CD829F /* InlineFlowLayout.swift */ = {isa = PBXFileReference; lastKnownFileType = sourcecode.swift; path = InlineFlowLayout.swift; sourceTree = "<group>"; };
		A2EF63C4E107FD0B9E09CED6 /* MathSegmentView.swift */ = {isa = PBXFileReference; lastKnownFileType = sourcecode.swift; path = MathSegmentView.swift; sourceTree = "<group>"; };
		4585413EC472720B030DCD6E /* MessageContentView.swift */ = {isa = PBXFileReference; lastKnownFileType = sourcecode.swift; path = MessageContentView.swift; sourceTree = "<group>"; };
		4E494FAC4A354C65D62186C2 /* ContentView.swift */ = {isa = PBXFileReference; lastKnownFileType = sourcecode.swift; path = ContentView.swift; sourceTree = "<group>"; };
		EC2F8D5CF23105FA44A68C53 /* DashboardView.swift */ = {isa = PBXFileReference; lastKnownFileType = sourcecode.swift; path = DashboardView.swift; sourceTree = "<group>"; };
		8AC8C03A231B11BF5E4D8496 /* WorkspaceLayoutView.swift */ = {isa = PBXFileReference; lastKnownFileType = sourcecode.swift; path = WorkspaceLayoutView.swift; sourceTree = "<group>"; };
		4AEC0DC8D4B02742A1E87A26 /* SettingsView.swift */ = {isa = PBXFileReference; lastKnownFileType = sourcecode.swift; path = SettingsView.swift; sourceTree = "<group>"; };
		F69ED6C9D19ED721FA312D2B /* DocumentSidebarView.swift */ = {isa = PBXFileReference; lastKnownFileType = sourcecode.swift; path = DocumentSidebarView.swift; sourceTree = "<group>"; };
		2C7219EAE9C33EA322B83EB1 /* HighlightRowView.swift */ = {isa = PBXFileReference; lastKnownFileType = sourcecode.swift; path = HighlightRowView.swift; sourceTree = "<group>"; };
		7195E30A5A589044C57DEBB1 /* PDFContactSheetSidebarView.swift */ = {isa = PBXFileReference; lastKnownFileType = sourcecode.swift; path = PDFContactSheetSidebarView.swift; sourceTree = "<group>"; };
		A3E3BFF8661E01249E9C224E /* PDFPageThumbnailView.swift */ = {isa = PBXFileReference; lastKnownFileType = sourcecode.swift; path = PDFPageThumbnailView.swift; sourceTree = "<group>"; };
		803BF3C8E46436D1C2BA213F /* PDFTableOfContentsSidebarView.swift */ = {isa = PBXFileReference; lastKnownFileType = sourcecode.swift; path = PDFTableOfContentsSidebarView.swift; sourceTree = "<group>"; };
		CC94A73C6004EEDFC1D9B011 /* PDFThumbnailsSidebarView.swift */ = {isa = PBXFileReference; lastKnownFileType = sourcecode.swift; path = PDFThumbnailsSidebarView.swift; sourceTree = "<group>"; };
		94F687D65165687572AC73F1 /* ReferenceSidebarView.swift */ = {isa = PBXFileReference; lastKnownFileType = sourcecode.swift; path = ReferenceSidebarView.swift; sourceTree = "<group>"; };
		75E4534141BE335C81820AD6 /* SidebarOptionsMenu.swift */ = {isa = PBXFileReference; lastKnownFileType = sourcecode.swift; path = SidebarOptionsMenu.swift; sourceTree = "<group>"; };
		EDD5BF79E2E5313CBCD5E23A /* Assets.xcassets */ = {isa = PBXFileReference; lastKnownFileType = folder.assetcatalog; path = Assets.xcassets; sourceTree = "<group>"; };
		5C01AC83C37142E121DC06BE /* Cauchy.entitlements */ = {isa = PBXFileReference; lastKnownFileType = text.plist.entitlements; path = Cauchy.entitlements; sourceTree = "<group>"; };
		7AE5956BD7ED064366887FFE /* FoundationModels.framework */ = {isa = PBXFileReference; lastKnownFileType = wrapper.framework; name = FoundationModels.framework; path = System/Library/Frameworks/FoundationModels.framework; sourceTree = SDKROOT; };
/* End PBXFileReference section */

/* Begin PBXFrameworksBuildPhase section */
		C814E3AF3E687FE0532F0785 /* Frameworks */ = { isa = PBXFrameworksBuildPhase; buildActionMask = 2147483647; files = (5704CA281202834349A3222A /* FoundationModels.framework in Frameworks */, 3EA4FA4F9288170FAFF0C847 /* SwiftMath in Frameworks */,); runOnlyForDeploymentPostprocessing = 0; };
/* End PBXFrameworksBuildPhase section */

/* Begin PBXGroup section */
		4CA39B64FE82C24B6E254700 /* Products */ = { isa = PBXGroup; children = (ACBAEB5B099ABF4AC3626AED /* Cauchy.app */,); name = Products; sourceTree = "<group>"; };
		E3ECCE2B83208D7BCBFAB660 /* Cauchy */ = { isa = PBXGroup; children = (
			D9324CC8D90B17B654E1F988 /* App */,
			98011FA4FCE55E9BE3EA9FC6 /* Models */,
			68B58150E55891504D50D27C /* PDFKitBridge */,
			EFC453FF89EFC60D2687BD9D /* Services */,
			1E40CEF9DBA20586CC267B10 /* Utilities */,
			D8514CB7F7FEBA9D2D272A34 /* ViewModels */,
			85F7C2AF3A169855DA1CE7A4 /* Views */,
			EDD5BF79E2E5313CBCD5E23A /* Assets.xcassets */, 5C01AC83C37142E121DC06BE /* Cauchy.entitlements */,
		); path = Cauchy; sourceTree = "<group>"; };
		D9324CC8D90B17B654E1F988 /* App */ = { isa = PBXGroup; children = (
			D0886A8CD765FC3C28D20A35 /* AppEnvironment.swift */,
			A9D572ED3C587C82B7AA8D6A /* CauchyApp.swift */,
		); path = App; sourceTree = "<group>"; };
		98011FA4FCE55E9BE3EA9FC6 /* Models */ = { isa = PBXGroup; children = (
			43667875EC132E3594053686 /* DocumentBlock.swift */,
			5252F0049F52385285A17B82 /* DocumentWorkspace.swift */,
			E721B0624D394A622A35B857 /* Highlight.swift */,
			800F17A802E0A2EFE1C89ECB /* PDFSidebarMode.swift */,
			CDA870D398571D45C263A8B1 /* PinCategory.swift */,
			92A3931B09A2007763CBAEF2 /* ReadingContext.swift */,
			8F9E742DF926F455C8C51E01 /* ReferenceKind.swift */,
			FF86363DFFA497274DC3A382 /* ReferenceLink.swift */,
			DB8101BB658F22A7CE9F6108 /* ReferencePin.swift */,
			484D50F2D5B788BF692DB15E /* SelectionThread.swift */,
			6489B74AAD9E92258D679110 /* TextAnchor.swift */,
			EC0010C609018FFB9C8C7AC0 /* ViewportRole.swift */,
			39EBECF7A600D0ED8CD7A20B /* ViewportState.swift */,
		); path = Models; sourceTree = "<group>"; };
		68B58150E55891504D50D27C /* PDFKitBridge */ = { isa = PBXGroup; children = (
			F9747CF20A4334358BE43E8A /* PDFCanvasView.swift */,
			F2752E912DCAFDE1F5CFEFB0 /* PDFViewRepresentable.swift */,
			EEC1E776A5C9ED129F697B35 /* PDFViewportController.swift */,
			DEE7CFA7642271D4D21B7DD6 /* SelectionOverlayLayer.swift */,
			6827E057D72082AF5E93D9A2 /* ViewportSyncGuard.swift */,
		); path = PDFKitBridge; sourceTree = "<group>"; };
		EFC453FF89EFC60D2687BD9D /* Services */ = { isa = PBXGroup; children = (
			5DFA929D7334677914CA59FD /* ReadingAssistant */,
			48B600217E950A20EBB4230F /* AssistantResponseNormalizer.swift */,
			DD92B855BAAAE87932B566D5 /* AssistantResponseValidator.swift */,
			2E60C204C05E09DD16F6DD4A /* DocumentBlockExtractor.swift */,
			9480C37E35EDB7E187D14F4B /* DocumentIndex.swift */,
			46751305944C9C6823D88B9F /* DocumentPersistenceService.swift */,
			D1AFF4DCD1E8BDE4ADA68582 /* DocumentReferenceIndex.swift */,
			ABA53E0CA7CDA4E72C0A48FB /* HighlightAnnotationService.swift */,
			FAB4D0A16399E434EC47D669 /* KeychainService.swift */,
			78F09A6C935FA0466B7CA90E /* LLMReferenceIndexBuilder.swift */,
			D663A210AE029823641923CC /* LaTeXFormatter.swift */,
			5FCACBA6DC2F9866C6D1FC11 /* LaTeXNormalizer.swift */,
			B0CDF65D849D0D9C71A1CEDD /* MessageContentParser.swift */,
			E16519BAE0FF498EAC5D7E94 /* OCRService.swift */,
			B5268A5591F8EEF770D3118A /* PDFRegionRenderer.swift */,
			9F21177EBC0C2EB6945FB024 /* PDFTextExtractor.swift */,
			7917C1152ACBA747975D43B0 /* ReadingContextBuilder.swift */,
			C3287CE2DC56B0DDA8FF9809 /* ReferenceDetector.swift */,
			4D5502A401AECACEBCF2F97B /* ReferenceFormattingHeuristics.swift */,
			34512890F9ED82862060D62C /* ReferenceIndexCacheStore.swift */,
			1A4324DA55E513115F76124B /* ReferenceParsing.swift */,
		); path = Services; sourceTree = "<group>"; };
		5DFA929D7334677914CA59FD /* ReadingAssistant */ = { isa = PBXGroup; children = (
			5C8741FCECC48170A14DE743 /* Gemini */,
			CE9D356880347902C8B7D658 /* FoundationModelsReadingAssistantService.swift */,
			FAEB24AD7500ADDE34467895 /* ReadingAssistantProtocol.swift */,
			3D542DB1A5AFB00D8EC30819 /* ReadingAssistantProviderFactory.swift */,
			2A9615079E1635CA3A81AEC7 /* ReadingPromptBuilder.swift */,
			C82E0A84C06EA82A1A7E2E3A /* ReferenceIndexPromptBuilder.swift */,
		); path = ReadingAssistant; sourceTree = "<group>"; };
		5C8741FCECC48170A14DE743 /* Gemini */ = { isa = PBXGroup; children = (
			B87BB8FF72C6DF1B318B3666 /* GeminiCloudAPIError.swift */,
			0403691D653B087490EFC2CF /* GeminiCloudLanguageModel.swift */,
			3553353607405888ECF775E6 /* GeminiCloudLanguageModelExecutor.swift */,
			AA575ED258321801650C284B /* GeminiReferenceIndexClient.swift */,
			F20E443BA50DCFBB78784422 /* GeminiSSEParsing.swift */,
			36E19C701046B6850C809E18 /* GeminiSSETextAccumulator.swift */,
			48DE1366149F124E10FFA692 /* GeminiTranscriptMapper.swift */,
		); path = Gemini; sourceTree = "<group>"; };
		1E40CEF9DBA20586CC267B10 /* Utilities */ = { isa = PBXGroup; children = (
			7EB436A8161F5A7D401BA598 /* CoordinateMapper.swift */,
			17B54D7066AA732262F0C288 /* Debouncer.swift */,
			6C0CFD6FE2EDB365F8B44622 /* NormalizedRect.swift */,
			F368FA4456EC326E9D8DDF4C /* StreamingTextCoalescer.swift */,
		); path = Utilities; sourceTree = "<group>"; };
		D8514CB7F7FEBA9D2D272A34 /* ViewModels */ = { isa = PBXGroup; children = (
			51D48268794F194F75FD2B4F /* ContextEngineViewModel.swift */,
			0391333626F787B3DD3B6581 /* HighlightStore.swift */,
			267FAC10467473235A5D53BF /* SelectionThreadViewModel.swift */,
			DF014AA551538E17C2232B73 /* ViewportCoordinator.swift */,
			3E67E8AF9CC85671D13604D9 /* WorkspaceViewModel.swift */,
		); path = ViewModels; sourceTree = "<group>"; };
		85F7C2AF3A169855DA1CE7A4 /* Views */ = { isa = PBXGroup; children = (
			418C8500DFA1C1F0EA461EB7 /* Context */,
			D73D1186C9585085D6587020 /* Conversation */,
			7E15DB466B6B27DD41B599BD /* Design */,
			5E8DE94FC74A0AE3091DB869 /* OCR */,
			97CF6DC0DE4ED649947CC5EC /* PDF */,
			4CC05BF718729291AF28EE62 /* RichText */,
			858C66C12B840B1A1D36CDA2 /* Root */,
			EBD158BEBAF4C92204A8628E /* Settings */,
			DC2CC70F054EEF6313850954 /* Sidebar */,
		); path = Views; sourceTree = "<group>"; };
		418C8500DFA1C1F0EA461EB7 /* Context */ = { isa = PBXGroup; children = (
			C14410248542F337D36CE38D /* ContextPanelResizeHandle.swift */,
			F4E137556E40D3BFCFA6E12C /* ContextPanelView.swift */,
			D2B4706AF3BF209FAF2A6CAB /* HighlightListView.swift */,
			598D4E8B4DD250998FC00302 /* HighlightThreadDetailView.swift */,
			36386AD7474FD86255EF3D94 /* ReadingBlockCard.swift */,
			DB8D6E49D3CEEBA6CF614310 /* ReferencePreviewView.swift */,
			025BCB25703480DD14BAA250 /* SelectionThreadView.swift */,
		); path = Context; sourceTree = "<group>"; };
		D73D1186C9585085D6587020 /* Conversation */ = { isa = PBXGroup; children = (
			164604CA95EC8E4D31334E71 /* ConversationChrome.swift */,
			792B1E4C9BAFBE77B90F3C98 /* ConversationComposer.swift */,
			E005A68052DAEC36151938AC /* ConversationPanel.swift */,
			893252B0E5970BAE44DDF872 /* MessageBubble.swift */,
			AEE0CF6F2AEB414AABE2E9A9 /* SelectionQuoteView.swift */,
		); path = Conversation; sourceTree = "<group>"; };
		7E15DB466B6B27DD41B599BD /* Design */ = { isa = PBXGroup; children = (
			8F7C5B12AC96D6166A529656 /* GlassFloatingPanel.swift */,
			74AEC64BADF660A78D1CFAC0 /* GlassIconButton.swift */,
			A882429994D8032C24B8A743 /* GlassTabPicker.swift */,
			CE0CFA09C400AE824FB7F8C5 /* GlassToolbarContent.swift */,
			E2FDB2F323A4E93EECFF04BC /* ToolbarChrome.swift */,
		); path = Design; sourceTree = "<group>"; };
		5E8DE94FC74A0AE3091DB869 /* OCR */ = { isa = PBXGroup; children = (
			A72B949D2D1F37938C789E0E /* OCRResultView.swift */,
		); path = OCR; sourceTree = "<group>"; };
		97CF6DC0DE4ED649947CC5EC /* PDF */ = { isa = PBXGroup; children = (
			ECD51CDCABE5506C87FE2B2F /* ReaderWorkspaceView.swift */,
		); path = PDF; sourceTree = "<group>"; };
		4CC05BF718729291AF28EE62 /* RichText */ = { isa = PBXGroup; children = (
			656F0D778BACFDDF03CD829F /* InlineFlowLayout.swift */,
			A2EF63C4E107FD0B9E09CED6 /* MathSegmentView.swift */,
			4585413EC472720B030DCD6E /* MessageContentView.swift */,
		); path = RichText; sourceTree = "<group>"; };
		858C66C12B840B1A1D36CDA2 /* Root */ = { isa = PBXGroup; children = (
			4E494FAC4A354C65D62186C2 /* ContentView.swift */,
			EC2F8D5CF23105FA44A68C53 /* DashboardView.swift */,
			8AC8C03A231B11BF5E4D8496 /* WorkspaceLayoutView.swift */,
		); path = Root; sourceTree = "<group>"; };
		EBD158BEBAF4C92204A8628E /* Settings */ = { isa = PBXGroup; children = (
			4AEC0DC8D4B02742A1E87A26 /* SettingsView.swift */,
		); path = Settings; sourceTree = "<group>"; };
		DC2CC70F054EEF6313850954 /* Sidebar */ = { isa = PBXGroup; children = (
			F69ED6C9D19ED721FA312D2B /* DocumentSidebarView.swift */,
			2C7219EAE9C33EA322B83EB1 /* HighlightRowView.swift */,
			7195E30A5A589044C57DEBB1 /* PDFContactSheetSidebarView.swift */,
			A3E3BFF8661E01249E9C224E /* PDFPageThumbnailView.swift */,
			803BF3C8E46436D1C2BA213F /* PDFTableOfContentsSidebarView.swift */,
			CC94A73C6004EEDFC1D9B011 /* PDFThumbnailsSidebarView.swift */,
			94F687D65165687572AC73F1 /* ReferenceSidebarView.swift */,
			75E4534141BE335C81820AD6 /* SidebarOptionsMenu.swift */,
		); path = Sidebar; sourceTree = "<group>"; };
		90B183D53931DF02723B4237 = { isa = PBXGroup; children = (E3ECCE2B83208D7BCBFAB660 /* Cauchy */, 4CA39B64FE82C24B6E254700 /* Products */,); sourceTree = "<group>"; };
/* End PBXGroup section */

/* Begin PBXNativeTarget section */
		EB55E793E65459F2FE764F0F /* Cauchy */ = { isa = PBXNativeTarget; buildConfigurationList = 87F417F213CB801CBCB6D40F; buildPhases = (D81E89C0D6BB9F29A267C848, C814E3AF3E687FE0532F0785, F214C1A18D2BFC0086018B34,); buildRules = (); dependencies = (); name = Cauchy; packageProductDependencies = (D24C25D58A396C6F182913CA /* SwiftMath */,); productName = Cauchy; productReference = ACBAEB5B099ABF4AC3626AED; productType = "com.apple.product-type.application"; };
/* End PBXNativeTarget section */

/* Begin PBXProject section */
		AD02591BC6B32CED9249CCC0 /* Project object */ = { isa = PBXProject; attributes = { BuildIndependentTargetsInParallel = 1; LastSwiftUpdateCheck = 2700; LastUpgradeCheck = 2700; }; buildConfigurationList = 871ABEAC7819F062D93D4809; compatibilityVersion = "Xcode 14.0"; developmentRegion = en; hasScannedForEncodings = 0; knownRegions = (en, Base,); mainGroup = 90B183D53931DF02723B4237; packageReferences = (78135E476D9FFAC6FF84EBDE /* XCLocalSwiftPackageReference "SwiftMath" */,); productRefGroup = 4CA39B64FE82C24B6E254700; projectDirPath = ""; projectRoot = ""; targets = (EB55E793E65459F2FE764F0F,); };
/* End PBXProject section */

/* Begin PBXResourcesBuildPhase section */
		F214C1A18D2BFC0086018B34 /* Resources */ = { isa = PBXResourcesBuildPhase; buildActionMask = 2147483647; files = (3D0BB5F75F9B642E56834677,); runOnlyForDeploymentPostprocessing = 0; };
/* End PBXResourcesBuildPhase section */

/* Begin PBXSourcesBuildPhase section */
		D81E89C0D6BB9F29A267C848 /* Sources */ = { isa = PBXSourcesBuildPhase; buildActionMask = 2147483647; files = (
			055781A27AD671BDFC6B229C,
			05FB9D3751F8DE982C65E2EE,
			46F218EEF5684EB4900F188A,
			37E64DE60ECAB9B47AD03B6E,
			3B0D1C145AC5316F4EC2CD2A,
			510B42FD6AFC67C86A9A9F35,
			06CDFD0935A2865049FF6B36,
			1FE54F437BAB6EEE54D59B1D,
			98B56ECE44537C6D4A21556E,
			CE0C8CE9309F807F74924D0C,
			8B374CEA2A9BCA7ADA3A62E6,
			16D37B669DA49972B7415ADB,
			2BF04AB4C612109D83A23F4C,
			CFD9BF6735FC73DED38873B4,
			0F25DEB05EFD4A49B2289333,
			BAF1EE305B580966D07B2356,
			8F4D6CF1E2CF2BC0B6CA17F9,
			AE673E43C5E33171DDBA1362,
			2426921C6C08325587FAB5BA,
			9F33883B9A6566CA902AF1F9,
			35F50685155B265D766B13C6,
			371B17EF5D83D4EBB7E93347,
			E11EFA92C69AE99B0B9B41B0,
			C41528BB9D38BCDB5DCFE669,
			C8F1E4AAB56CC06A45387CD1,
			DF26483E7E08D53DDB174DC9,
			CD580EF9CB87C30E52DBE0E4,
			B13CE7E8E6DDF37D5A9D23EA,
			2247B36191CDCE7F33C34190,
			28FEE8CE2DF1856473548E60,
			EF637945BB866244086487A0,
			80402813F9CC0055E1427EA5,
			8E10D9EBAAD92CF287F563B0,
			AABA3AE70EA681A2C20A802B,
			D192923183BFB000528860B8,
			D2E2A5EFB769838E7262A6A1,
			3260669BAE52CF97BC0FB008,
			9891EA38D2C25D0E06D36DD5,
			48CC0DB050858F426650D477,
			12B912DFD43B2581BBE3198D,
			A3E6C9C27C3328CF5E9487DC,
			3A3D5A13A3C04D0C24E7C90D,
			DAC1BC3CA7B96415225D929B,
			81493C2320A760C433B4E071,
			722CE857DDE65E087B8FEEF6,
			44A142CA5EB453222E227D01,
			86DDE8156B8BF06FFABDF22A,
			10C61456DD84DD8AA2493B39,
			BB9B4192F7B56615262F24E0,
			329244535C3E8DF9D9F6923E,
			9490838C3B039100B6CFDC7D,
			E8849E186549D0345FB49D6D,
			36E6869597CF24BBE731B4DA,
			7DD8E1836A6FCCEC35F0521C,
			7C704985143395643604C294,
			50A8F591B8D44906DD873B03,
			51E0778192740D79E94A2688,
			B827E289C412C8814674397B,
			FE3A936DE21323E63F0023FB,
			68A0CAD3A769E1935B2A87F6,
			77B9ECB5AA813F68F258A049,
			72C99B6D6FFEBE6FAF719150,
			AF969E09838FDC8603153205,
			23C40A6ECE4819CFE05D3B49,
			78097748047DD96AFC04B7DD,
			6AA90FCC073E787DEB3EAF35,
			C56457729B66D6CC214C3A0D,
			DBBA78D13DBCEC0F0E25A911,
			A3646A44B7FC43AC35087F52,
			7B6D70CD38C9197BFE355E7E,
			D8F578D0A816E46EE29ED061,
			1F456FE979429B0BFC5D04AE,
			FFE440039AE9380FE80BBD45,
			C33FA270048B50B0DD0B3C0E,
			03767D01A7BC4F3676F3AD37,
			829485EFF82A69789825CE91,
			C174D966A75CA70A73E638D0,
			C8B3A8FF72FF3E6CBB8FBEBA,
			B6D56D660943088D8C0130C4,
			65B0194C47D708E1D03E31F5,
			50207EC90A9AA525E2882AD0,
			BC5170D64BF82A0321DAF18F,
			CF929A6C7F6AA43ACCADD946,
			CE6EFF2A5F22D91631D9B5DD,
			F176CD9B503FDEBB577B83A2,
			4E94689F2ED33F16EA19EF7F,
			7EE069B3128B7F7BE89B74A5,
			72DBCC3C3C8C2B5BA172E43D,
			F4A32CA055F074D5FBC81F1A,
			2786EAA3CAAAC39625A849F5,
			0C78C28CC560CB0BBB2EA8F8,
			5D68242FAE7FAE92FD73AECD,
			8094E316636F49AC06FD6382,
			139BF121087F8C455D547D16,
			98142634A02BD8C6D65427E5,
		); runOnlyForDeploymentPostprocessing = 0; };
/* End PBXSourcesBuildPhase section */

/* Begin XCBuildConfiguration section */
		E729E9CA71013EFABBD82109 /* Debug */ = { isa = XCBuildConfiguration; buildSettings = { ALWAYS_SEARCH_USER_PATHS = NO; CLANG_ENABLE_MODULES = YES; COPY_PHASE_STRIP = NO; DEBUG_INFORMATION_FORMAT = dwarf; ENABLE_STRICT_OBJC_MSGSEND = YES; GCC_DYNAMIC_NO_PIC = NO; MACOSX_DEPLOYMENT_TARGET = 27.0; MTL_ENABLE_DEBUG_INFO = INCLUDE_SOURCE; ONLY_ACTIVE_ARCH = YES; SDKROOT = macosx; SWIFT_ACTIVE_COMPILATION_CONDITIONS = DEBUG; SWIFT_OPTIMIZATION_LEVEL = "-Onone"; }; name = Debug; };
		FC78669AAEAEB425ABB222C6 /* Release */ = { isa = XCBuildConfiguration; buildSettings = { ALWAYS_SEARCH_USER_PATHS = NO; CLANG_ENABLE_MODULES = YES; COPY_PHASE_STRIP = NO; DEBUG_INFORMATION_FORMAT = "dwarf-with-dsym"; ENABLE_STRICT_OBJC_MSGSEND = YES; MACOSX_DEPLOYMENT_TARGET = 27.0; MTL_ENABLE_DEBUG_INFO = NO; SDKROOT = macosx; SWIFT_COMPILATION_MODE = wholemodule; }; name = Release; };
		FBADCF2B4B20C9C527742141 /* Debug */ = { isa = XCBuildConfiguration; buildSettings = {
			ASSETCATALOG_COMPILER_APPICON_NAME = AppIcon;
			CODE_SIGN_ENTITLEMENTS = Cauchy/Cauchy.entitlements;
			CODE_SIGN_STYLE = Automatic;
			COMBINE_HIDPI_IMAGES = YES;
			CURRENT_PROJECT_VERSION = 1;
			ENABLE_APP_SANDBOX = YES;
			ENABLE_HARDENED_RUNTIME = YES;
			ENABLE_USER_SELECTED_FILES = readwrite;
			GENERATE_INFOPLIST_FILE = YES;
			INFOPLIST_KEY_CFBundleDisplayName = "cauchy";
			INFOPLIST_KEY_LSApplicationCategoryType = "public.app-category.productivity";
			LD_RUNPATH_SEARCH_PATHS = ("$(inherited)", "@executable_path/../Frameworks");
			MACOSX_DEPLOYMENT_TARGET = 27.0;
			MARKETING_VERSION = 1.0;
			PRODUCT_BUNDLE_IDENTIFIER = com.cauchy.app;
			PRODUCT_NAME = "$(TARGET_NAME)";
			SWIFT_EMIT_LOC_STRINGS = YES;
			SWIFT_VERSION = 6.0;
		}; name = Debug; };
		A15B7DFEE88CAF332B76965E /* Release */ = { isa = XCBuildConfiguration; buildSettings = {
			ASSETCATALOG_COMPILER_APPICON_NAME = AppIcon;
			CODE_SIGN_ENTITLEMENTS = Cauchy/Cauchy.entitlements;
			CODE_SIGN_STYLE = Automatic;
			COMBINE_HIDPI_IMAGES = YES;
			CURRENT_PROJECT_VERSION = 1;
			ENABLE_APP_SANDBOX = YES;
			ENABLE_HARDENED_RUNTIME = YES;
			ENABLE_USER_SELECTED_FILES = readwrite;
			GENERATE_INFOPLIST_FILE = YES;
			INFOPLIST_KEY_CFBundleDisplayName = "cauchy";
			INFOPLIST_KEY_LSApplicationCategoryType = "public.app-category.productivity";
			LD_RUNPATH_SEARCH_PATHS = ("$(inherited)", "@executable_path/../Frameworks");
			MACOSX_DEPLOYMENT_TARGET = 27.0;
			MARKETING_VERSION = 1.0;
			PRODUCT_BUNDLE_IDENTIFIER = com.cauchy.app;
			PRODUCT_NAME = "$(TARGET_NAME)";
			SWIFT_EMIT_LOC_STRINGS = YES;
			SWIFT_VERSION = 6.0;
		}; name = Release; };
/* End XCBuildConfiguration section */

/* Begin XCConfigurationList section */
		871ABEAC7819F062D93D4809 = { isa = XCConfigurationList; buildConfigurations = (E729E9CA71013EFABBD82109, FC78669AAEAEB425ABB222C6,); defaultConfigurationIsVisible = 0; defaultConfigurationName = Release; };
		87F417F213CB801CBCB6D40F = { isa = XCConfigurationList; buildConfigurations = (FBADCF2B4B20C9C527742141, A15B7DFEE88CAF332B76965E,); defaultConfigurationIsVisible = 0; defaultConfigurationName = Release; };
/* End XCConfigurationList section */

/* Begin XCLocalSwiftPackageReference section */
		78135E476D9FFAC6FF84EBDE /* XCLocalSwiftPackageReference "SwiftMath" */ = {
			isa = XCLocalSwiftPackageReference;
			relativePath = Packages/SwiftMath;
		};
/* End XCLocalSwiftPackageReference section */

/* Begin XCSwiftPackageProductDependency section */
		D24C25D58A396C6F182913CA /* SwiftMath */ = {
			isa = XCSwiftPackageProductDependency;
			package = 78135E476D9FFAC6FF84EBDE /* XCLocalSwiftPackageReference "SwiftMath" */;
			productName = SwiftMath;
		};
/* End XCSwiftPackageProductDependency section */
	};
	rootObject = AD02591BC6B32CED9249CCC0 /* Project object */;
}
